
Microsoft Visual Studio Solution File, Format Version 12.00
# Visual Studio Version 17
VisualStudioVersion = 17.11.35219.272
MinimumVisualStudioVersion = 10.0.40219.1
Project("{888888A0-9F3D-457C-B088-3A5042F75D52}") = "MailSender", "MailSender.pyproj", "{9854B3F1-DA71-4172-A218-37ABE093461C}"
EndProject
Global
	GlobalSection(SolutionConfigurationPlatforms) = preSolution
		Debug|Any CPU = Debug|Any CPU
		Release|Any CPU = Release|Any CPU
	EndGlobalSection
	GlobalSection(ProjectConfigurationPlatforms) = postSolution
		{9854B3F1-DA71-4172-A218-37ABE093461C}.Debug|Any CPU.ActiveCfg = Debug|Any CPU
		{9854B3F1-DA71-4172-A218-37ABE093461C}.Release|Any CPU.ActiveCfg = Release|Any CPU
	EndGlobalSection
	GlobalSection(SolutionProperties) = preSolution
		HideSolutionNode = FALSE
	EndGlobalSection
	GlobalSection(ExtensibilityGlobals) = postSolution
		SolutionGuid = {1A38B7E4-0F27-4CB3-90DF-E4D77BF880DA}
	EndGlobalSection
EndGlobal
